<?xml version="1.0" encoding="utf-8"?>
<Project ToolsVersion="4.0" xmlns="http://schemas.microsoft.com/developer/msbuild/2003">
  <ItemGroup>
    <Filter Include="Source Files">
      <UniqueIdentifier>{4FC737F1-C7A5-4376-A066-2A32D752A2FF}</UniqueIdentifier>
      <Extensions>cpp;c;cc;cxx;def;odl;idl;hpj;bat;asm;asmx</Extensions>
    </Filter>
    <Filter Include="Header Files">
      <UniqueIdentifier>{93995380-89BD-4b04-88EB-625FBE52EBFB}</UniqueIdentifier>
      <Extensions>h;hh;hpp;hxx;hm;inl;inc;xsd</Extensions>
    </Filter>
    <Filter Include="Resource Files">
      <UniqueIdentifier>{67DA6AB6-F800-4c08-8B7A-83BB121AAD01}</UniqueIdentifier>
      <Extensions>rc;ico;cur;bmp;dlg;rc2;rct;bin;rgs;gif;jpg;jpeg;jpe;resx;tiff;tif;png;wav;mfcribbon-ms</Extensions>
    </Filter>
    <Filter Include="Header Files\Map">
      <UniqueIdentifier>{bac2983d-2db9-4977-ab00-ce3f556f87cf}</UniqueIdentifier>
    </Filter>
    <Filter Include="Source Files\Map">
      <UniqueIdentifier>{5112884d-0b7c-4889-ac17-5fcce5321c9f}</UniqueIdentifier>
    </Filter>
    <Filter Include="Header Files\Utilities">
      <UniqueIdentifier>{892055d2-194c-4d7d-bb63-a1bb84d9f2b3}</UniqueIdentifier>
    </Filter>
    <Filter Include="Source Files\Utilities">
      <UniqueIdentifier>{cef9fb00-6dc4-4c49-9577-e171b4d3cba9}</UniqueIdentifier>
    </Filter>
    <Filter Include="Source Files\StateManager">
      <UniqueIdentifier>{a212dd05-839f-44ed-9250-861eae03f04b}</UniqueIdentifier>
    </Filter>
    <Filter Include="Header Files\StateManager">
      <UniqueIdentifier>{af526794-5a91-477f-a081-65d0733593c6}</UniqueIdentifier>
    </Filter>
    <Filter Include="Header Files\Engine">
      <UniqueIdentifier>{a3c4c156-dc29-4e7a-af32-bfd489e759bb}</UniqueIdentifier>
    </Filter>
    <Filter Include="Source Files\Engine">
      <UniqueIdentifier>{32e076bf-8c19-48ab-a762-49186ccdf756}</UniqueIdentifier>
    </Filter>
    <Filter Include="Header Files\Scenes">
      <UniqueIdentifier>{f2cf62b3-a312-4e6e-a43a-3691710ec603}</UniqueIdentifier>
    </Filter>
    <Filter Include="Source Files\Scenes">
      <UniqueIdentifier>{c2f280e2-a364-491a-8607-d651b5226ac1}</UniqueIdentifier>
    </Filter>
    <Filter Include="Header Files\Player">
      <UniqueIdentifier>{fdeb3ba1-fe5f-4b8e-b704-8438a48668b4}</UniqueIdentifier>
    </Filter>
  </ItemGroup>
  <ItemGroup>
    <ClCompile Include="main.c">
      <Filter>Source Files</Filter>
    </ClCompile>
    <ClCompile Include="Source\Rooms\Room.c">
      <Filter>Source Files\Map</Filter>
    </ClCompile>
    <ClCompile Include="Source\Rooms\RoomFactory.c">
      <Filter>Source Files\Map</Filter>
    </ClCompile>
    <ClCompile Include="Source\StateManager\CustomStateManager.c">
      <Filter>Source Files\StateManager</Filter>
    </ClCompile>
    <ClCompile Include="Source\Utilities\TextDataLoader.c">
      <Filter>Source Files\Utilities</Filter>
    </ClCompile>
    <ClCompile Include="Source\Engine\BaseEngine.c">
      <Filter>Source Files\Engine</Filter>
    </ClCompile>
    <ClCompile Include="Source\Engine\Console.c">
      <Filter>Source Files\Engine</Filter>
    </ClCompile>
    <ClCompile Include="Source\Engine\timer.c">
      <Filter>Source Files\Engine</Filter>
    </ClCompile>
    <ClCompile Include="Source\Utilities\Utilities.c">
      <Filter>Source Files\Utilities</Filter>
    </ClCompile>
    <ClCompile Include="Source\Scenes\BattleScene.c">
      <Filter>Source Files\Scenes</Filter>
    </ClCompile>
    <ClCompile Include="Source\Rooms\RoomArray.c">
      <Filter>Source Files\Map</Filter>
    </ClCompile>
    <ClCompile Include="Source\Rooms\RoomTestScene.c">
      <Filter>Source Files\Map</Filter>
    </ClCompile>
  </ItemGroup>
  <ItemGroup>
    <ClInclude Include="Source\Rooms\Room.h">
      <Filter>Header Files\Map</Filter>
    </ClInclude>
    <ClInclude Include="Source\Rooms\RoomFactory.h">
      <Filter>Header Files\Map</Filter>
    </ClInclude>
    <ClInclude Include="Source\StateManager\BaseStateManager.h">
      <Filter>Header Files\StateManager</Filter>
    </ClInclude>
    <ClInclude Include="Source\StateManager\CustomStateManager.h">
      <Filter>Header Files\StateManager</Filter>
    </ClInclude>
    <ClInclude Include="Source\Utilities\TextDataLoader.h">
      <Filter>Header Files\Utilities</Filter>
    </ClInclude>
    <ClInclude Include="Source\Engine\BaseEngine.h">
      <Filter>Header Files\Engine</Filter>
    </ClInclude>
    <ClInclude Include="Source\Utilities\Utilities.h">
      <Filter>Header Files\Utilities</Filter>
    </ClInclude>
    <ClInclude Include="Source\Utilities\Vector2.h">
      <Filter>Header Files\Utilities</Filter>
    </ClInclude>
    <ClInclude Include="Source\Engine\Console.h">
      <Filter>Header Files\Engine</Filter>
    </ClInclude>
    <ClInclude Include="Source\Engine\timer.h">
      <Filter>Header Files\Engine</Filter>
    </ClInclude>
    <ClInclude Include="Source\Scenes\BattleScene.h">
      <Filter>Header Files\Scenes</Filter>
    </ClInclude>
    <ClInclude Include="Source\Rooms\RoomArray.h">
      <Filter>Header Files\Map</Filter>
    </ClInclude>
    <ClInclude Include="Source\Rooms\RoomTestScene.h">
      <Filter>Header Files\Map</Filter>
    </ClInclude>
    <ClInclude Include="Source\Player\Player.h">
      <Filter>Header Files\Player</Filter>
    </ClInclude>
  </ItemGroup>
</Project>