<?xml version="1.0" encoding="utf-8"?>
<Project ToolsVersion="4.0" xmlns="http://schemas.microsoft.com/developer/msbuild/2003">
  <ItemGroup>
    <Filter Include="Source Files">
      <UniqueIdentifier>{4FC737F1-C7A5-4376-A066-2A32D752A2FF}</UniqueIdentifier>
      <Extensions>cpp;c;cc;cxx;def;odl;idl;hpj;bat;asm;asmx</Extensions>
    </Filter>
    <Filter Include="Header Files">
      <UniqueIdentifier>{93995380-89BD-4b04-88EB-625FBE52EBFB}</UniqueIdentifier>
      <Extensions>h;hh;hpp;hxx;hm;inl;inc;xsd</Extensions>
    </Filter>
    <Filter Include="Resource Files">
      <UniqueIdentifier>{67DA6AB6-F800-4c08-8B7A-83BB121AAD01}</UniqueIdentifier>
      <Extensions>rc;ico;cur;bmp;dlg;rc2;rct;bin;rgs;gif;jpg;jpeg;jpe;resx;tiff;tif;png;wav;mfcribbon-ms</Extensions>
    </Filter>
    <Filter Include="Header Files\Map">
      <UniqueIdentifier>{bac2983d-2db9-4977-ab00-ce3f556f87cf}</UniqueIdentifier>
    </Filter>
    <Filter Include="Source Files\Map">
      <UniqueIdentifier>{5112884d-0b7c-4889-ac17-5fcce5321c9f}</UniqueIdentifier>
    </Filter>
    <Filter Include="Header Files\Utilities">
      <UniqueIdentifier>{892055d2-194c-4d7d-bb63-a1bb84d9f2b3}</UniqueIdentifier>
    </Filter>
    <Filter Include="Source Files\Utilities">
      <UniqueIdentifier>{cef9fb00-6dc4-4c49-9577-e171b4d3cba9}</UniqueIdentifier>
    </Filter>
    <Filter Include="Source Files\StateManager">
      <UniqueIdentifier>{a212dd05-839f-44ed-9250-861eae03f04b}</UniqueIdentifier>
    </Filter>
    <Filter Include="Header Files\StateManager">
      <UniqueIdentifier>{af526794-5a91-477f-a081-65d0733593c6}</UniqueIdentifier>
    </Filter>
    <Filter Include="Header Files\Engine">
      <UniqueIdentifier>{a3c4c156-dc29-4e7a-af32-bfd489e759bb}</UniqueIdentifier>
    </Filter>
    <Filter Include="Source Files\Engine">
      <UniqueIdentifier>{32e076bf-8c19-48ab-a762-49186ccdf756}</UniqueIdentifier>
    </Filter>
    <Filter Include="Header Files\Scenes">
      <UniqueIdentifier>{f2cf62b3-a312-4e6e-a43a-3691710ec603}</UniqueIdentifier>
    </Filter>
    <Filter Include="Source Files\Scenes">
      <UniqueIdentifier>{c2f280e2-a364-491a-8607-d651b5226ac1}</UniqueIdentifier>
    </Filter>
    <Filter Include="Header Files\Player">
      <UniqueIdentifier>{fdeb3ba1-fe5f-4b8e-b704-8438a48668b4}</UniqueIdentifier>
    </Filter>
    <Filter Include="Source Files\Player">
      <UniqueIdentifier>{7003a821-c84e-47c0-bb6e-8f921867f956}</UniqueIdentifier>
    </Filter>
    <Filter Include="Header Files\Systems">
      <UniqueIdentifier>{9e933c72-2e67-44b1-a712-6ddb86b13304}</UniqueIdentifier>
    </Filter>
    <Filter Include="Source Files\Systems">
      <UniqueIdentifier>{630e1224-e060-4999-9146-bd9b72cda9f2}</UniqueIdentifier>
    </Filter>
    <Filter Include="Resource Files\Maps">
      <UniqueIdentifier>{518f0eae-6be8-428c-a778-79985ada1c7a}</UniqueIdentifier>
    </Filter>
    <Filter Include="Resource Files\Enemy">
      <UniqueIdentifier>{68d22157-958c-4841-a68e-1fde42b019c0}</UniqueIdentifier>
    </Filter>
    <Filter Include="Resource Files\Enemy\Sprites">
      <UniqueIdentifier>{4e19a45f-b494-4027-a356-2d14ae893519}</UniqueIdentifier>
    </Filter>
    <Filter Include="Header Files\Enemy">
      <UniqueIdentifier>{64e1b47b-96e6-4c3e-89d0-9ad927460213}</UniqueIdentifier>
    </Filter>
    <Filter Include="Source Files\Enemy">
      <UniqueIdentifier>{858cced0-dd0f-4c84-a7cb-5eae5c5a5ed0}</UniqueIdentifier>
    </Filter>
    <Filter Include="Source Files\LogicalObjects">
      <UniqueIdentifier>{c85d57fd-1ca8-440c-8566-e265c2d72016}</UniqueIdentifier>
    </Filter>
    <Filter Include="Header Files\LogicalObjects">
      <UniqueIdentifier>{c51b84b4-5e2e-4837-bd38-d0f30b82e490}</UniqueIdentifier>
    </Filter>
    <Filter Include="Resource Files\Dungeons">
      <UniqueIdentifier>{2480b1cf-ba31-4852-b5e7-0035236d5ace}</UniqueIdentifier>
    </Filter>
    <Filter Include="Resource Files\Information">
      <UniqueIdentifier>{25b3046d-9315-42e5-a45b-b0f2a2f7585e}</UniqueIdentifier>
    </Filter>
  </ItemGroup>
  <ItemGroup>
    <ClCompile Include="main.c">
      <Filter>Source Files</Filter>
    </ClCompile>
    <ClCompile Include="Source\Rooms\Room.c">
      <Filter>Source Files\Map</Filter>
    </ClCompile>
    <ClCompile Include="Source\Rooms\RoomFactory.c">
      <Filter>Source Files\Map</Filter>
    </ClCompile>
    <ClCompile Include="Source\StateManager\CustomStateManager.c">
      <Filter>Source Files\StateManager</Filter>
    </ClCompile>
    <ClCompile Include="Source\Utilities\TextDataLoader.c">
      <Filter>Source Files\Utilities</Filter>
    </ClCompile>
    <ClCompile Include="Source\Engine\BaseEngine.c">
      <Filter>Source Files\Engine</Filter>
    </ClCompile>
    <ClCompile Include="Source\Engine\Console.c">
      <Filter>Source Files\Engine</Filter>
    </ClCompile>
    <ClCompile Include="Source\Engine\timer.c">
      <Filter>Source Files\Engine</Filter>
    </ClCompile>
    <ClCompile Include="Source\Utilities\Utilities.c">
      <Filter>Source Files\Utilities</Filter>
    </ClCompile>
    <ClCompile Include="Source\Scenes\BattleScene.c">
      <Filter>Source Files\Scenes</Filter>
    </ClCompile>
    <ClCompile Include="Source\Rooms\RoomArray.c">
      <Filter>Source Files\Map</Filter>
    </ClCompile>
    <ClCompile Include="Source\Player\Player.c">
      <Filter>Source Files\Player</Filter>
    </ClCompile>
    <ClCompile Include="Source\Systems\SceneSystem.c">
      <Filter>Source Files\Systems</Filter>
    </ClCompile>
    <ClCompile Include="Source\Scenes\WorldViewScene.c">
      <Filter>Source Files\Scenes</Filter>
    </ClCompile>
    <ClCompile Include="Source\Scenes\DungeonScene.c">
      <Filter>Source Files\Scenes</Filter>
    </ClCompile>
    <ClCompile Include="Source\Utilities\Vector2.c">
      <Filter>Source Files\Utilities</Filter>
    </ClCompile>
    <ClCompile Include="Source\Scenes\SplashScene.c">
      <Filter>Source Files\Scenes</Filter>
    </ClCompile>
    <ClCompile Include="Source\Scenes\MenuScene.c">
      <Filter>Source Files\Scenes</Filter>
    </ClCompile>
    <ClCompile Include="Source\Enemy\EnemyDataLoader.c">
      <Filter>Source Files\Enemy</Filter>
    </ClCompile>
    <ClCompile Include="Source\LogicalObjects\DungeonCamera.c">
      <Filter>Source Files\LogicalObjects</Filter>
    </ClCompile>
    <ClCompile Include="Source\Player\PlayerData.c">
      <Filter>Source Files</Filter>
    </ClCompile>
  </ItemGroup>
  <ItemGroup>
    <ClInclude Include="Source\Rooms\Room.h">
      <Filter>Header Files\Map</Filter>
    </ClInclude>
    <ClInclude Include="Source\Rooms\RoomFactory.h">
      <Filter>Header Files\Map</Filter>
    </ClInclude>
    <ClInclude Include="Source\StateManager\BaseStateManager.h">
      <Filter>Header Files\StateManager</Filter>
    </ClInclude>
    <ClInclude Include="Source\StateManager\CustomStateManager.h">
      <Filter>Header Files\StateManager</Filter>
    </ClInclude>
    <ClInclude Include="Source\Utilities\TextDataLoader.h">
      <Filter>Header Files\Utilities</Filter>
    </ClInclude>
    <ClInclude Include="Source\Engine\BaseEngine.h">
      <Filter>Header Files\Engine</Filter>
    </ClInclude>
    <ClInclude Include="Source\Utilities\Utilities.h">
      <Filter>Header Files\Utilities</Filter>
    </ClInclude>
    <ClInclude Include="Source\Utilities\Vector2.h">
      <Filter>Header Files\Utilities</Filter>
    </ClInclude>
    <ClInclude Include="Source\Engine\Console.h">
      <Filter>Header Files\Engine</Filter>
    </ClInclude>
    <ClInclude Include="Source\Engine\timer.h">
      <Filter>Header Files\Engine</Filter>
    </ClInclude>
    <ClInclude Include="Source\Scenes\BattleScene.h">
      <Filter>Header Files\Scenes</Filter>
    </ClInclude>
    <ClInclude Include="Source\Rooms\RoomArray.h">
      <Filter>Header Files\Map</Filter>
    </ClInclude>
    <ClInclude Include="Source\Player\Player.h">
      <Filter>Header Files\Player</Filter>
    </ClInclude>
    <ClInclude Include="Source\Systems\SceneSystem.h">
      <Filter>Header Files\Systems</Filter>
    </ClInclude>
    <ClInclude Include="Source\Scenes\WorldViewScene.h">
      <Filter>Header Files\Scenes</Filter>
    </ClInclude>
    <ClInclude Include="Source\Scenes\DungeonScene.h">
      <Filter>Header Files\Scenes</Filter>
    </ClInclude>
    <ClInclude Include="Source\Scenes\SplashScene.h">
      <Filter>Header Files\Scenes</Filter>
    </ClInclude>
    <ClInclude Include="Source\Scenes\MenuScene.h">
      <Filter>Header Files\Scenes</Filter>
    </ClInclude>
    <ClInclude Include="Source\Enemy\Enemy.h">
      <Filter>Header Files\Enemy</Filter>
    </ClInclude>
    <ClInclude Include="Source\Enemy\EnemyDataLoader.h">
      <Filter>Header Files\Enemy</Filter>
    </ClInclude>
    <ClInclude Include="Source\LogicalObjects\DungeonCamera.h">
      <Filter>Header Files\LogicalObjects</Filter>
    </ClInclude>
    <ClInclude Include="Source\Player\PlayerData.h">
      <Filter>Header Files</Filter>
    </ClInclude>
  </ItemGroup>
  <ItemGroup>
    <Text Include="Resources\DigiPenLogo(Unofficial).txt">
      <Filter>Resource Files</Filter>
    </Text>
    <Text Include="Resources\DungeonTransition.txt">
      <Filter>Resource Files</Filter>
    </Text>
    <Text Include="Resources\Maps\WorldMap1.txt">
      <Filter>Resource Files\Maps</Filter>
    </Text>
    <Text Include="Resources\Maps\WorldMap2.txt">
      <Filter>Resource Files\Maps</Filter>
    </Text>
    <Text Include="Resources\Maps\WorldMap3.txt">
      <Filter>Resource Files\Maps</Filter>
    </Text>
    <Text Include="Resources\Maps\WorldMap4.txt">
      <Filter>Resource Files\Maps</Filter>
    </Text>
    <Text Include="Resources\Maps\WorldMap5.txt">
      <Filter>Resource Files\Maps</Filter>
    </Text>
    <Text Include="Resources\Maps\WorldMap6.txt">
      <Filter>Resource Files\Maps</Filter>
    </Text>
    <Text Include="Resources\Maps\WorldMap7.txt">
      <Filter>Resource Files\Maps</Filter>
    </Text>
    <Text Include="Resources\Maps\WorldMap8.txt">
      <Filter>Resource Files\Maps</Filter>
    </Text>
    <Text Include="Resources\Maps\WorldMap9.txt">
      <Filter>Resource Files\Maps</Filter>
    </Text>
    <Text Include="Resources\Enemy\Goblin.txt">
      <Filter>Resource Files\Enemy</Filter>
    </Text>
    <Text Include="Resources\Enemy\Sprites\GoblinSprite.txt">
      <Filter>Resource Files\Enemy\Sprites</Filter>
    </Text>
    <Text Include="Resources\Information\Boss_cutscene1.txt">
      <Filter>Resource Files\Information</Filter>
    </Text>
    <Text Include="Resources\Information\Boss_cutscene2.txt">
      <Filter>Resource Files\Information</Filter>
    </Text>
    <Text Include="Resources\Information\Boss_cutscene3.txt">
      <Filter>Resource Files\Information</Filter>
    </Text>
    <Text Include="Resources\Information\Boss_cutscene4.txt">
      <Filter>Resource Files\Information</Filter>
    </Text>
    <Text Include="Resources\Information\Boss_cutscene5.txt">
      <Filter>Resource Files\Information</Filter>
    </Text>
    <Text Include="Resources\Information\Instructions.txt">
      <Filter>Resource Files\Information</Filter>
    </Text>
    <Text Include="Resources\GameTransition.txt">
      <Filter>Resource Files</Filter>
    </Text>
    <Text Include="Resources\MainMenuLogo.txt">
      <Filter>Resource Files</Filter>
    </Text>
    <Text Include="Resources\Dungeons\dungeon0.txt">
      <Filter>Resource Files\Dungeons</Filter>
    </Text>
    <Text Include="Resources\Dungeons\dungeon1.txt">
      <Filter>Resource Files\Dungeons</Filter>
    </Text>
    <Text Include="Resources\Dungeons\dungeon2.txt">
      <Filter>Resource Files\Dungeons</Filter>
    </Text>
    <Text Include="Resources\Dungeons\dungeon3.txt">
      <Filter>Resource Files\Dungeons</Filter>
    </Text>
    <Text Include="Resources\Dungeons\dungeonTemplate.txt">
      <Filter>Resource Files\Dungeons</Filter>
    </Text>
  </ItemGroup>
</Project>